
Microsoft Visual Studio Solution File, Format Version 12.00
# Visual Studio Version 17
VisualStudioVersion = 17.4.33205.214
MinimumVisualStudioVersion = 10.0.40219.1
Project("{9A19103F-16F7-4668-BE54-9A1E7A4F7556}") = "HotelManagment.Web", "HotelManagment.Web\HotelManagment.Web.csproj", "{7FA4433E-A87B-4714-A0F3-CEA7BC2780BA}"
EndProject
Project("{FAE04EC0-301F-11D3-BF4B-00C04F79EFBC}") = "HotelManagment.Core", "HotelManagment.Core\HotelManagment.Core.csproj", "{E866F22B-0713-4117-BD5C-5837C4B1A81D}"
EndProject
Project("{FAE04EC0-301F-11D3-BF4B-00C04F79EFBC}") = "HotelManagment.Infrastructure", "HotelManagment.Infrastructure\HotelManagment.Infrastructure.csproj", "{4F4D8043-EE07-4F21-840A-F742123B5A3B}"
EndProject
Project("{FAE04EC0-301F-11D3-BF4B-00C04F79EFBC}") = "HotelManagment.Shared", "HotelManagment.Shared\HotelManagment.Shared.csproj", "{B90DD3D2-73D1-4CC0-8608-ED32F50CCEE1}"
EndProject
Global
	GlobalSection(SolutionConfigurationPlatforms) = preSolution
		Debug|Any CPU = Debug|Any CPU
		Release|Any CPU = Release|Any CPU
	EndGlobalSection
	GlobalSection(ProjectConfigurationPlatforms) = postSolution
		{7FA4433E-A87B-4714-A0F3-CEA7BC2780BA}.Debug|Any CPU.ActiveCfg = Debug|Any CPU
		{7FA4433E-A87B-4714-A0F3-CEA7BC2780BA}.Debug|Any CPU.Build.0 = Debug|Any CPU
		{7FA4433E-A87B-4714-A0F3-CEA7BC2780BA}.Release|Any CPU.ActiveCfg = Release|Any CPU
		{7FA4433E-A87B-4714-A0F3-CEA7BC2780BA}.Release|Any CPU.Build.0 = Release|Any CPU
		{E866F22B-0713-4117-BD5C-5837C4B1A81D}.Debug|Any CPU.ActiveCfg = Debug|Any CPU
		{E866F22B-0713-4117-BD5C-5837C4B1A81D}.Debug|Any CPU.Build.0 = Debug|Any CPU
		{E866F22B-0713-4117-BD5C-5837C4B1A81D}.Release|Any CPU.ActiveCfg = Release|Any CPU
		{E866F22B-0713-4117-BD5C-5837C4B1A81D}.Release|Any CPU.Build.0 = Release|Any CPU
		{4F4D8043-EE07-4F21-840A-F742123B5A3B}.Debug|Any CPU.ActiveCfg = Debug|Any CPU
		{4F4D8043-EE07-4F21-840A-F742123B5A3B}.Debug|Any CPU.Build.0 = Debug|Any CPU
		{4F4D8043-EE07-4F21-840A-F742123B5A3B}.Release|Any CPU.ActiveCfg = Release|Any CPU
		{4F4D8043-EE07-4F21-840A-F742123B5A3B}.Release|Any CPU.Build.0 = Release|Any CPU
		{B90DD3D2-73D1-4CC0-8608-ED32F50CCEE1}.Debug|Any CPU.ActiveCfg = Debug|Any CPU
		{B90DD3D2-73D1-4CC0-8608-ED32F50CCEE1}.Debug|Any CPU.Build.0 = Debug|Any CPU
		{B90DD3D2-73D1-4CC0-8608-ED32F50CCEE1}.Release|Any CPU.ActiveCfg = Release|Any CPU
		{B90DD3D2-73D1-4CC0-8608-ED32F50CCEE1}.Release|Any CPU.Build.0 = Release|Any CPU
	EndGlobalSection
	GlobalSection(SolutionProperties) = preSolution
		HideSolutionNode = FALSE
	EndGlobalSection
	GlobalSection(ExtensibilityGlobals) = postSolution
		SolutionGuid = {6816FD3C-6CF5-4F7E-9AFF-FDEBE0CBAFDB}
	EndGlobalSection
EndGlobal
