
Microsoft Visual Studio Solution File, Format Version 12.00
# Visual Studio Version 17
VisualStudioVersion = 17.4.33205.214
MinimumVisualStudioVersion = 10.0.40219.1
Project("{FAE04EC0-301F-11D3-BF4B-00C04F79EFBC}") = "HotelManagment.Web", "HotelManagment.Web\HotelManagment.Web.csproj", "{7FA4433E-A87B-4714-A0F3-CEA7BC2780BA}"
EndProject
Global
	GlobalSection(SolutionConfigurationPlatforms) = preSolution
		Debug|Any CPU = Debug|Any CPU
		Release|Any CPU = Release|Any CPU
	EndGlobalSection
	GlobalSection(ProjectConfigurationPlatforms) = postSolution
		{7FA4433E-A87B-4714-A0F3-CEA7BC2780BA}.Debug|Any CPU.ActiveCfg = Debug|Any CPU
		{7FA4433E-A87B-4714-A0F3-CEA7BC2780BA}.Debug|Any CPU.Build.0 = Debug|Any CPU
		{7FA4433E-A87B-4714-A0F3-CEA7BC2780BA}.Release|Any CPU.ActiveCfg = Release|Any CPU
		{7FA4433E-A87B-4714-A0F3-CEA7BC2780BA}.Release|Any CPU.Build.0 = Release|Any CPU
	EndGlobalSection
	GlobalSection(SolutionProperties) = preSolution
		HideSolutionNode = FALSE
	EndGlobalSection
	GlobalSection(ExtensibilityGlobals) = postSolution
		SolutionGuid = {6816FD3C-6CF5-4F7E-9AFF-FDEBE0CBAFDB}
	EndGlobalSection
EndGlobal
